
Microsoft Visual Studio Solution File, Format Version 12.00
# Visual Studio Version 16
VisualStudioVersion = 16.0.31515.178
MinimumVisualStudioVersion = 10.0.40219.1
Project("{FAE04EC0-301F-11D3-BF4B-00C04F79EFBC}") = "BarracaDoPedro", "BarracaDoPedro\BarracaDoPedro.csproj", "{6A194C81-C378-41AA-9D03-511EA51C55A0}"
EndProject
Global
	GlobalSection(SolutionConfigurationPlatforms) = preSolution
		Debug|Any CPU = Debug|Any CPU
		Release|Any CPU = Release|Any CPU
	EndGlobalSection
	GlobalSection(ProjectConfigurationPlatforms) = postSolution
		{6A194C81-C378-41AA-9D03-511EA51C55A0}.Debug|Any CPU.ActiveCfg = Debug|Any CPU
		{6A194C81-C378-41AA-9D03-511EA51C55A0}.Debug|Any CPU.Build.0 = Debug|Any CPU
		{6A194C81-C378-41AA-9D03-511EA51C55A0}.Release|Any CPU.ActiveCfg = Release|Any CPU
		{6A194C81-C378-41AA-9D03-511EA51C55A0}.Release|Any CPU.Build.0 = Release|Any CPU
	EndGlobalSection
	GlobalSection(SolutionProperties) = preSolution
		HideSolutionNode = FALSE
	EndGlobalSection
	GlobalSection(ExtensibilityGlobals) = postSolution
		SolutionGuid = {AD0FB29A-9D27-45A4-A2C3-60972A3D0CAA}
	EndGlobalSection
EndGlobal
